{
  "name": "Metabolomics",
  "lockfileVersion": 2,
  "requires": true,
  "packages": {
    "": {
      "dependencies": {
        "graphology": "^0.25.0",
        "sigma": "^2.3.1"
      }
    },
    "node_modules/@yomguithereal/helpers": {
      "version": "1.1.1",
      "resolved": "https://registry.npmjs.org/@yomguithereal/helpers/-/helpers-1.1.1.tgz",
      "integrity": "sha512-UYvAq/XCA7xoh1juWDYsq3W0WywOB+pz8cgVnE1b45ZfdMhBvHDrgmSFG3jXeZSr2tMTYLGHFHON+ekG05Jebg=="
    },
    "node_modules/events": {
      "version": "3.3.0",
      "resolved": "https://registry.npmjs.org/events/-/events-3.3.0.tgz",
      "integrity": "sha512-mQw+2fkQbALzQ7V0MY0IqdnXNOeTtP4r0lN9z7AAawCXgqea7bDii20AYrIBrFd/Hx0M2Ocz6S111CaFkUcb0Q==",
      "engines": {
        "node": ">=0.8.x"
      }
    },
    "node_modules/graphology": {
      "version": "0.25.0",
      "resolved": "https://registry.npmjs.org/graphology/-/graphology-0.25.0.tgz",
      "integrity": "sha512-z0uwplYrhnQ2iwlqJZyd6CX0Xb9AIVNzK6N0MZouYCQBqMqz36s7YmEqqhuRj0ap7F/LX3dQjeWWRIkTkaGfEA==",
      "dependencies": {
        "events": "^3.3.0",
        "obliterator": "^2.0.2"
      },
      "peerDependencies": {
        "graphology-types": ">=0.24.0"
      }
    },
    "node_modules/graphology-types": {
      "version": "0.24.5",
      "resolved": "https://registry.npmjs.org/graphology-types/-/graphology-types-0.24.5.tgz",
      "integrity": "sha512-m8FVoj9b6MwIaTN+/AvoxXhcK5n0uSe7ZnhbQNTcjh94vzN6m5hU501LihtCfRjF35QEMVrXYOrTNO0wAR1Gxw==",
      "peer": true
    },
    "node_modules/graphology-utils": {
      "version": "2.5.2",
      "resolved": "https://registry.npmjs.org/graphology-utils/-/graphology-utils-2.5.2.tgz",
      "integrity": "sha512-ckHg8MXrXJkOARk56ZaSCM1g1Wihe2d6iTmz1enGOz4W/l831MBCKSayeFQfowgF8wd+PQ4rlch/56Vs/VZLDQ==",
      "peerDependencies": {
        "graphology-types": ">=0.23.0"
      }
    },
    "node_modules/obliterator": {
      "version": "2.0.4",
      "resolved": "https://registry.npmjs.org/obliterator/-/obliterator-2.0.4.tgz",
      "integrity": "sha512-lgHwxlxV1qIg1Eap7LgIeoBWIMFibOjbrYPIPJZcI1mmGAI2m3lNYpK12Y+GBdPQ0U1hRwSord7GIaawz962qQ=="
    },
    "node_modules/sigma": {
      "version": "2.3.1",
      "resolved": "https://registry.npmjs.org/sigma/-/sigma-2.3.1.tgz",
      "integrity": "sha512-YfQsVZf78CeIUv8EYLqp/yvhMwwBXGrbpy+rD1N2X9IqtJ11+VfQRjWfVqHDhjM8oPfWPsaJMtpWFQ8pIflvCA==",
      "dependencies": {
        "@yomguithereal/helpers": "^1.1.1",
        "events": "^3.3.0",
        "graphology-utils": "^2.5.0"
      }
    }
  },
  "dependencies": {
    "@yomguithereal/helpers": {
      "version": "1.1.1",
      "resolved": "https://registry.npmjs.org/@yomguithereal/helpers/-/helpers-1.1.1.tgz",
      "integrity": "sha512-UYvAq/XCA7xoh1juWDYsq3W0WywOB+pz8cgVnE1b45ZfdMhBvHDrgmSFG3jXeZSr2tMTYLGHFHON+ekG05Jebg=="
    },
    "events": {
      "version": "3.3.0",
      "resolved": "https://registry.npmjs.org/events/-/events-3.3.0.tgz",
      "integrity": "sha512-mQw+2fkQbALzQ7V0MY0IqdnXNOeTtP4r0lN9z7AAawCXgqea7bDii20AYrIBrFd/Hx0M2Ocz6S111CaFkUcb0Q=="
    },
    "graphology": {
      "version": "0.25.0",
      "resolved": "https://registry.npmjs.org/graphology/-/graphology-0.25.0.tgz",
      "integrity": "sha512-z0uwplYrhnQ2iwlqJZyd6CX0Xb9AIVNzK6N0MZouYCQBqMqz36s7YmEqqhuRj0ap7F/LX3dQjeWWRIkTkaGfEA==",
      "requires": {
        "events": "^3.3.0",
        "obliterator": "^2.0.2"
      }
    },
    "graphology-types": {
      "version": "0.24.5",
      "resolved": "https://registry.npmjs.org/graphology-types/-/graphology-types-0.24.5.tgz",
      "integrity": "sha512-m8FVoj9b6MwIaTN+/AvoxXhcK5n0uSe7ZnhbQNTcjh94vzN6m5hU501LihtCfRjF35QEMVrXYOrTNO0wAR1Gxw==",
      "peer": true
    },
    "graphology-utils": {
      "version": "2.5.2",
      "resolved": "https://registry.npmjs.org/graphology-utils/-/graphology-utils-2.5.2.tgz",
      "integrity": "sha512-ckHg8MXrXJkOARk56ZaSCM1g1Wihe2d6iTmz1enGOz4W/l831MBCKSayeFQfowgF8wd+PQ4rlch/56Vs/VZLDQ==",
      "requires": {}
    },
    "obliterator": {
      "version": "2.0.4",
      "resolved": "https://registry.npmjs.org/obliterator/-/obliterator-2.0.4.tgz",
      "integrity": "sha512-lgHwxlxV1qIg1Eap7LgIeoBWIMFibOjbrYPIPJZcI1mmGAI2m3lNYpK12Y+GBdPQ0U1hRwSord7GIaawz962qQ=="
    },
    "sigma": {
      "version": "2.3.1",
      "resolved": "https://registry.npmjs.org/sigma/-/sigma-2.3.1.tgz",
      "integrity": "sha512-YfQsVZf78CeIUv8EYLqp/yvhMwwBXGrbpy+rD1N2X9IqtJ11+VfQRjWfVqHDhjM8oPfWPsaJMtpWFQ8pIflvCA==",
      "requires": {
        "@yomguithereal/helpers": "^1.1.1",
        "events": "^3.3.0",
        "graphology-utils": "^2.5.0"
      }
    }
  }
}
